// !$*UTF8*$!
{
	archiveVersion = 1;
	classes = {
	};
	objectVersion = 55;
	objects = {

/* Begin PBXBuildFile section */
		187611EE273F474800DC56D7 /* AppDelegate.swift in Sources */ = {isa = PBXBuildFile; fileRef = 187611ED273F474800DC56D7 /* AppDelegate.swift */; };
		187611F0273F474800DC56D7 /* SceneDelegate.swift in Sources */ = {isa = PBXBuildFile; fileRef = 187611EF273F474800DC56D7 /* SceneDelegate.swift */; };
		187611F2273F474800DC56D7 /* ViewController.swift in Sources */ = {isa = PBXBuildFile; fileRef = 187611F1273F474800DC56D7 /* ViewController.swift */; };
		187611F5273F474800DC56D7 /* Main.storyboard in Resources */ = {isa = PBXBuildFile; fileRef = 187611F3273F474800DC56D7 /* Main.storyboard */; };
		187611F7273F474B00DC56D7 /* Assets.xcassets in Resources */ = {isa = PBXBuildFile; fileRef = 187611F6273F474B00DC56D7 /* Assets.xcassets */; };
		187611FA273F474B00DC56D7 /* LaunchScreen.storyboard in Resources */ = {isa = PBXBuildFile; fileRef = 187611F8273F474B00DC56D7 /* LaunchScreen.storyboard */; };
		18761205273F474C00DC56D7 /* SampleChatKitAppTests.swift in Sources */ = {isa = PBXBuildFile; fileRef = 18761204273F474C00DC56D7 /* SampleChatKitAppTests.swift */; };
		1876120F273F474C00DC56D7 /* SampleChatKitAppUITests.swift in Sources */ = {isa = PBXBuildFile; fileRef = 1876120E273F474C00DC56D7 /* SampleChatKitAppUITests.swift */; };
		18761211273F474C00DC56D7 /* SampleChatKitAppUITestsLaunchTests.swift in Sources */ = {isa = PBXBuildFile; fileRef = 18761210273F474C00DC56D7 /* SampleChatKitAppUITestsLaunchTests.swift */; };
		1876122B273F482200DC56D7 /* MainTableViewController.swift in Sources */ = {isa = PBXBuildFile; fileRef = 1876122A273F482200DC56D7 /* MainTableViewController.swift */; };
		18761236273F48A700DC56D7 /* ChatKit.framework in Frameworks */ = {isa = PBXBuildFile; fileRef = 18761233273F489E00DC56D7 /* ChatKit.framework */; };
		18761237273F48A700DC56D7 /* ChatKit.framework in Embed Frameworks */ = {isa = PBXBuildFile; fileRef = 18761233273F489E00DC56D7 /* ChatKit.framework */; settings = {ATTRIBUTES = (CodeSignOnCopy, RemoveHeadersOnCopy, ); }; };
		18761239273F48E200DC56D7 /* SimpleChatViewController.swift in Sources */ = {isa = PBXBuildFile; fileRef = 18761238273F48E200DC56D7 /* SimpleChatViewController.swift */; };
		1876123B273F496A00DC56D7 /* SimpleInputPanel.swift in Sources */ = {isa = PBXBuildFile; fileRef = 1876123A273F496A00DC56D7 /* SimpleInputPanel.swift */; };
/* End PBXBuildFile section */

/* Begin PBXContainerItemProxy section */
		18761201273F474C00DC56D7 /* PBXContainerItemProxy */ = {
			isa = PBXContainerItemProxy;
			containerPortal = 187611E2273F474800DC56D7 /* Project object */;
			proxyType = 1;
			remoteGlobalIDString = 187611E9273F474800DC56D7;
			remoteInfo = SampleChatKitApp;
		};
		1876120B273F474C00DC56D7 /* PBXContainerItemProxy */ = {
			isa = PBXContainerItemProxy;
			containerPortal = 187611E2273F474800DC56D7 /* Project object */;
			proxyType = 1;
			remoteGlobalIDString = 187611E9273F474800DC56D7;
			remoteInfo = SampleChatKitApp;
		};
		18761232273F489E00DC56D7 /* PBXContainerItemProxy */ = {
			isa = PBXContainerItemProxy;
			containerPortal = 1876122D273F489E00DC56D7 /* ChatKit.xcodeproj */;
			proxyType = 2;
			remoteGlobalIDString = 187611B5273F3D5A00DC56D7;
			remoteInfo = ChatKit;
		};
		18761234273F489E00DC56D7 /* PBXContainerItemProxy */ = {
			isa = PBXContainerItemProxy;
			containerPortal = 1876122D273F489E00DC56D7 /* ChatKit.xcodeproj */;
			proxyType = 2;
			remoteGlobalIDString = 187611BF273F3D5A00DC56D7;
			remoteInfo = ChatKitTests;
		};
/* End PBXContainerItemProxy section */

/* Begin PBXCopyFilesBuildPhase section */
		18761229273F478D00DC56D7 /* Embed Frameworks */ = {
			isa = PBXCopyFilesBuildPhase;
			buildActionMask = 2147483647;
			dstPath = "";
			dstSubfolderSpec = 10;
			files = (
				18761237273F48A700DC56D7 /* ChatKit.framework in Embed Frameworks */,
			);
			name = "Embed Frameworks";
			runOnlyForDeploymentPostprocessing = 0;
		};
/* End PBXCopyFilesBuildPhase section */

/* Begin PBXFileReference section */
		187611EA273F474800DC56D7 /* SampleChatKitApp.app */ = {isa = PBXFileReference; explicitFileType = wrapper.application; includeInIndex = 0; path = SampleChatKitApp.app; sourceTree = BUILT_PRODUCTS_DIR; };
		187611ED273F474800DC56D7 /* AppDelegate.swift */ = {isa = PBXFileReference; lastKnownFileType = sourcecode.swift; path = AppDelegate.swift; sourceTree = "<group>"; };
		187611EF273F474800DC56D7 /* SceneDelegate.swift */ = {isa = PBXFileReference; lastKnownFileType = sourcecode.swift; path = SceneDelegate.swift; sourceTree = "<group>"; };
		187611F1273F474800DC56D7 /* ViewController.swift */ = {isa = PBXFileReference; lastKnownFileType = sourcecode.swift; path = ViewController.swift; sourceTree = "<group>"; };
		187611F4273F474800DC56D7 /* Base */ = {isa = PBXFileReference; lastKnownFileType = file.storyboard; name = Base; path = Base.lproj/Main.storyboard; sourceTree = "<group>"; };
		187611F6273F474B00DC56D7 /* Assets.xcassets */ = {isa = PBXFileReference; lastKnownFileType = folder.assetcatalog; path = Assets.xcassets; sourceTree = "<group>"; };
		187611F9273F474B00DC56D7 /* Base */ = {isa = PBXFileReference; lastKnownFileType = file.storyboard; name = Base; path = Base.lproj/LaunchScreen.storyboard; sourceTree = "<group>"; };
		187611FB273F474B00DC56D7 /* Info.plist */ = {isa = PBXFileReference; lastKnownFileType = text.plist.xml; path = Info.plist; sourceTree = "<group>"; };
		18761200273F474C00DC56D7 /* SampleChatKitAppTests.xctest */ = {isa = PBXFileReference; explicitFileType = wrapper.cfbundle; includeInIndex = 0; path = SampleChatKitAppTests.xctest; sourceTree = BUILT_PRODUCTS_DIR; };
		18761204273F474C00DC56D7 /* SampleChatKitAppTests.swift */ = {isa = PBXFileReference; lastKnownFileType = sourcecode.swift; path = SampleChatKitAppTests.swift; sourceTree = "<group>"; };
		1876120A273F474C00DC56D7 /* SampleChatKitAppUITests.xctest */ = {isa = PBXFileReference; explicitFileType = wrapper.cfbundle; includeInIndex = 0; path = SampleChatKitAppUITests.xctest; sourceTree = BUILT_PRODUCTS_DIR; };
		1876120E273F474C00DC56D7 /* SampleChatKitAppUITests.swift */ = {isa = PBXFileReference; lastKnownFileType = sourcecode.swift; path = SampleChatKitAppUITests.swift; sourceTree = "<group>"; };
		18761210273F474C00DC56D7 /* SampleChatKitAppUITestsLaunchTests.swift */ = {isa = PBXFileReference; lastKnownFileType = sourcecode.swift; path = SampleChatKitAppUITestsLaunchTests.swift; sourceTree = "<group>"; };
		1876122A273F482200DC56D7 /* MainTableViewController.swift */ = {isa = PBXFileReference; lastKnownFileType = sourcecode.swift; path = MainTableViewController.swift; sourceTree = "<group>"; };
		1876122D273F489E00DC56D7 /* ChatKit.xcodeproj */ = {isa = PBXFileReference; lastKnownFileType = "wrapper.pb-project"; name = ChatKit.xcodeproj; path = ../../ChatKit.xcodeproj; sourceTree = "<group>"; };
		18761238273F48E200DC56D7 /* SimpleChatViewController.swift */ = {isa = PBXFileReference; lastKnownFileType = sourcecode.swift; path = SimpleChatViewController.swift; sourceTree = "<group>"; };
		1876123A273F496A00DC56D7 /* SimpleInputPanel.swift */ = {isa = PBXFileReference; lastKnownFileType = sourcecode.swift; path = SimpleInputPanel.swift; sourceTree = "<group>"; };
/* End PBXFileReference section */

/* Begin PBXFrameworksBuildPhase section */
		187611E7273F474800DC56D7 /* Frameworks */ = {
			isa = PBXFrameworksBuildPhase;
			buildActionMask = 2147483647;
			files = (
				18761236273F48A700DC56D7 /* ChatKit.framework in Frameworks */,
			);
			runOnlyForDeploymentPostprocessing = 0;
		};
		187611FD273F474C00DC56D7 /* Frameworks */ = {
			isa = PBXFrameworksBuildPhase;
			buildActionMask = 2147483647;
			files = (
			);
			runOnlyForDeploymentPostprocessing = 0;
		};
		18761207273F474C00DC56D7 /* Frameworks */ = {
			isa = PBXFrameworksBuildPhase;
			buildActionMask = 2147483647;
			files = (
			);
			runOnlyForDeploymentPostprocessing = 0;
		};
/* End PBXFrameworksBuildPhase section */

/* Begin PBXGroup section */
		187611E1273F474800DC56D7 = {
			isa = PBXGroup;
			children = (
				187611EC273F474800DC56D7 /* SampleChatKitApp */,
				18761203273F474C00DC56D7 /* SampleChatKitAppTests */,
				1876120D273F474C00DC56D7 /* SampleChatKitAppUITests */,
				187611EB273F474800DC56D7 /* Products */,
				18761226273F478D00DC56D7 /* Frameworks */,
			);
			sourceTree = "<group>";
		};
		187611EB273F474800DC56D7 /* Products */ = {
			isa = PBXGroup;
			children = (
				187611EA273F474800DC56D7 /* SampleChatKitApp.app */,
				18761200273F474C00DC56D7 /* SampleChatKitAppTests.xctest */,
				1876120A273F474C00DC56D7 /* SampleChatKitAppUITests.xctest */,
			);
			name = Products;
			sourceTree = "<group>";
		};
		187611EC273F474800DC56D7 /* SampleChatKitApp */ = {
			isa = PBXGroup;
			children = (
				1876122D273F489E00DC56D7 /* ChatKit.xcodeproj */,
				187611ED273F474800DC56D7 /* AppDelegate.swift */,
				187611EF273F474800DC56D7 /* SceneDelegate.swift */,
				187611F1273F474800DC56D7 /* ViewController.swift */,
				187611F3273F474800DC56D7 /* Main.storyboard */,
				187611F6273F474B00DC56D7 /* Assets.xcassets */,
				187611F8273F474B00DC56D7 /* LaunchScreen.storyboard */,
				187611FB273F474B00DC56D7 /* Info.plist */,
				1876122A273F482200DC56D7 /* MainTableViewController.swift */,
				18761238273F48E200DC56D7 /* SimpleChatViewController.swift */,
				1876123A273F496A00DC56D7 /* SimpleInputPanel.swift */,
			);
			path = SampleChatKitApp;
			sourceTree = "<group>";
		};
		18761203273F474C00DC56D7 /* SampleChatKitAppTests */ = {
			isa = PBXGroup;
			children = (
				18761204273F474C00DC56D7 /* SampleChatKitAppTests.swift */,
			);
			path = SampleChatKitAppTests;
			sourceTree = "<group>";
		};
		1876120D273F474C00DC56D7 /* SampleChatKitAppUITests */ = {
			isa = PBXGroup;
			children = (
				1876120E273F474C00DC56D7 /* SampleChatKitAppUITests.swift */,
				18761210273F474C00DC56D7 /* SampleChatKitAppUITestsLaunchTests.swift */,
			);
			path = SampleChatKitAppUITests;
			sourceTree = "<group>";
		};
		18761226273F478D00DC56D7 /* Frameworks */ = {
			isa = PBXGroup;
			children = (
			);
			name = Frameworks;
			sourceTree = "<group>";
		};
		1876122E273F489E00DC56D7 /* Products */ = {
			isa = PBXGroup;
			children = (
				18761233273F489E00DC56D7 /* ChatKit.framework */,
				18761235273F489E00DC56D7 /* ChatKitTests.xctest */,
			);
			name = Products;
			sourceTree = "<group>";
		};
/* End PBXGroup section */

/* Begin PBXNativeTarget section */
		187611E9273F474800DC56D7 /* SampleChatKitApp */ = {
			isa = PBXNativeTarget;
			buildConfigurationList = 18761214273F474C00DC56D7 /* Build configuration list for PBXNativeTarget "SampleChatKitApp" */;
			buildPhases = (
				187611E6273F474800DC56D7 /* Sources */,
				187611E7273F474800DC56D7 /* Frameworks */,
				187611E8273F474800DC56D7 /* Resources */,
				18761229273F478D00DC56D7 /* Embed Frameworks */,
			);
			buildRules = (
			);
			dependencies = (
			);
			name = SampleChatKitApp;
			productName = SampleChatKitApp;
			productReference = 187611EA273F474800DC56D7 /* SampleChatKitApp.app */;
			productType = "com.apple.product-type.application";
		};
		187611FF273F474C00DC56D7 /* SampleChatKitAppTests */ = {
			isa = PBXNativeTarget;
			buildConfigurationList = 18761217273F474C00DC56D7 /* Build configuration list for PBXNativeTarget "SampleChatKitAppTests" */;
			buildPhases = (
				187611FC273F474C00DC56D7 /* Sources */,
				187611FD273F474C00DC56D7 /* Frameworks */,
				187611FE273F474C00DC56D7 /* Resources */,
			);
			buildRules = (
			);
			dependencies = (
				18761202273F474C00DC56D7 /* PBXTargetDependency */,
			);
			name = SampleChatKitAppTests;
			productName = SampleChatKitAppTests;
			productReference = 18761200273F474C00DC56D7 /* SampleChatKitAppTests.xctest */;
			productType = "com.apple.product-type.bundle.unit-test";
		};
		18761209273F474C00DC56D7 /* SampleChatKitAppUITests */ = {
			isa = PBXNativeTarget;
			buildConfigurationList = 1876121A273F474C00DC56D7 /* Build configuration list for PBXNativeTarget "SampleChatKitAppUITests" */;
			buildPhases = (
				18761206273F474C00DC56D7 /* Sources */,
				18761207273F474C00DC56D7 /* Frameworks */,
				18761208273F474C00DC56D7 /* Resources */,
			);
			buildRules = (
			);
			dependencies = (
				1876120C273F474C00DC56D7 /* PBXTargetDependency */,
			);
			name = SampleChatKitAppUITests;
			productName = SampleChatKitAppUITests;
			productReference = 1876120A273F474C00DC56D7 /* SampleChatKitAppUITests.xctest */;
			productType = "com.apple.product-type.bundle.ui-testing";
		};
/* End PBXNativeTarget section */

/* Begin PBXProject section */
		187611E2273F474800DC56D7 /* Project object */ = {
			isa = PBXProject;
			attributes = {
				BuildIndependentTargetsInParallel = 1;
				LastSwiftUpdateCheck = 1300;
				LastUpgradeCheck = 1300;
				TargetAttributes = {
					187611E9273F474800DC56D7 = {
						CreatedOnToolsVersion = 13.0;
					};
					187611FF273F474C00DC56D7 = {
						CreatedOnToolsVersion = 13.0;
						TestTargetID = 187611E9273F474800DC56D7;
					};
					18761209273F474C00DC56D7 = {
						CreatedOnToolsVersion = 13.0;
						TestTargetID = 187611E9273F474800DC56D7;
					};
				};
			};
			buildConfigurationList = 187611E5273F474800DC56D7 /* Build configuration list for PBXProject "SampleChatKitApp" */;
			compatibilityVersion = "Xcode 13.0";
			developmentRegion = en;
			hasScannedForEncodings = 0;
			knownRegions = (
				en,
				Base,
			);
			mainGroup = 187611E1273F474800DC56D7;
			productRefGroup = 187611EB273F474800DC56D7 /* Products */;
			projectDirPath = "";
			projectReferences = (
				{
					ProductGroup = 1876122E273F489E00DC56D7 /* Products */;
					ProjectRef = 1876122D273F489E00DC56D7 /* ChatKit.xcodeproj */;
				},
			);
			projectRoot = "";
			targets = (
				187611E9273F474800DC56D7 /* SampleChatKitApp */,
				187611FF273F474C00DC56D7 /* SampleChatKitAppTests */,
				18761209273F474C00DC56D7 /* SampleChatKitAppUITests */,
			);
		};
/* End PBXProject section */

/* Begin PBXReferenceProxy section */
		18761233273F489E00DC56D7 /* ChatKit.framework */ = {
			isa = PBXReferenceProxy;
			fileType = wrapper.framework;
			path = ChatKit.framework;
			remoteRef = 18761232273F489E00DC56D7 /* PBXContainerItemProxy */;
			sourceTree = BUILT_PRODUCTS_DIR;
		};
		18761235273F489E00DC56D7 /* ChatKitTests.xctest */ = {
			isa = PBXReferenceProxy;
			fileType = wrapper.cfbundle;
			path = ChatKitTests.xctest;
			remoteRef = 18761234273F489E00DC56D7 /* PBXContainerItemProxy */;
			sourceTree = BUILT_PRODUCTS_DIR;
		};
/* End PBXReferenceProxy section */

/* Begin PBXResourcesBuildPhase section */
		187611E8273F474800DC56D7 /* Resources */ = {
			isa = PBXResourcesBuildPhase;
			buildActionMask = 2147483647;
			files = (
				187611FA273F474B00DC56D7 /* LaunchScreen.storyboard in Resources */,
				187611F7273F474B00DC56D7 /* Assets.xcassets in Resources */,
				187611F5273F474800DC56D7 /* Main.storyboard in Resources */,
			);
			runOnlyForDeploymentPostprocessing = 0;
		};
		187611FE273F474C00DC56D7 /* Resources */ = {
			isa = PBXResourcesBuildPhase;
			buildActionMask = 2147483647;
			files = (
			);
			runOnlyForDeploymentPostprocessing = 0;
		};
		18761208273F474C00DC56D7 /* Resources */ = {
			isa = PBXResourcesBuildPhase;
			buildActionMask = 2147483647;
			files = (
			);
			runOnlyForDeploymentPostprocessing = 0;
		};
/* End PBXResourcesBuildPhase section */

/* Begin PBXSourcesBuildPhase section */
		187611E6273F474800DC56D7 /* Sources */ = {
			isa = PBXSourcesBuildPhase;
			buildActionMask = 2147483647;
			files = (
				1876122B273F482200DC56D7 /* MainTableViewController.swift in Sources */,
				18761239273F48E200DC56D7 /* SimpleChatViewController.swift in Sources */,
				187611F2273F474800DC56D7 /* ViewController.swift in Sources */,
				1876123B273F496A00DC56D7 /* SimpleInputPanel.swift in Sources */,
				187611EE273F474800DC56D7 /* AppDelegate.swift in Sources */,
				187611F0273F474800DC56D7 /* SceneDelegate.swift in Sources */,
			);
			runOnlyForDeploymentPostprocessing = 0;
		};
		187611FC273F474C00DC56D7 /* Sources */ = {
			isa = PBXSourcesBuildPhase;
			buildActionMask = 2147483647;
			files = (
				18761205273F474C00DC56D7 /* SampleChatKitAppTests.swift in Sources */,
			);
			runOnlyForDeploymentPostprocessing = 0;
		};
		18761206273F474C00DC56D7 /* Sources */ = {
			isa = PBXSourcesBuildPhase;
			buildActionMask = 2147483647;
			files = (
				1876120F273F474C00DC56D7 /* SampleChatKitAppUITests.swift in Sources */,
				18761211273F474C00DC56D7 /* SampleChatKitAppUITestsLaunchTests.swift in Sources */,
			);
			runOnlyForDeploymentPostprocessing = 0;
		};
/* End PBXSourcesBuildPhase section */

/* Begin PBXTargetDependency section */
		18761202273F474C00DC56D7 /* PBXTargetDependency */ = {
			isa = PBXTargetDependency;
			target = 187611E9273F474800DC56D7 /* SampleChatKitApp */;
			targetProxy = 18761201273F474C00DC56D7 /* PBXContainerItemProxy */;
		};
		1876120C273F474C00DC56D7 /* PBXTargetDependency */ = {
			isa = PBXTargetDependency;
			target = 187611E9273F474800DC56D7 /* SampleChatKitApp */;
			targetProxy = 1876120B273F474C00DC56D7 /* PBXContainerItemProxy */;
		};
/* End PBXTargetDependency section */

/* Begin PBXVariantGroup section */
		187611F3273F474800DC56D7 /* Main.storyboard */ = {
			isa = PBXVariantGroup;
			children = (
				187611F4273F474800DC56D7 /* Base */,
			);
			name = Main.storyboard;
			sourceTree = "<group>";
		};
		187611F8273F474B00DC56D7 /* LaunchScreen.storyboard */ = {
			isa = PBXVariantGroup;
			children = (
				187611F9273F474B00DC56D7 /* Base */,
			);
			name = LaunchScreen.storyboard;
			sourceTree = "<group>";
		};
/* End PBXVariantGroup section */

/* Begin XCBuildConfiguration section */
		18761212273F474C00DC56D7 /* Debug */ = {
			isa = XCBuildConfiguration;
			buildSettings = {
				ALWAYS_SEARCH_USER_PATHS = NO;
				CLANG_ANALYZER_NONNULL = YES;
				CLANG_ANALYZER_NUMBER_OBJECT_CONVERSION = YES_AGGRESSIVE;
				CLANG_CXX_LANGUAGE_STANDARD = "gnu++17";
				CLANG_CXX_LIBRARY = "libc++";
				CLANG_ENABLE_MODULES = YES;
				CLANG_ENABLE_OBJC_ARC = YES;
				CLANG_ENABLE_OBJC_WEAK = YES;
				CLANG_WARN_BLOCK_CAPTURE_AUTORELEASING = YES;
				CLANG_WARN_BOOL_CONVERSION = YES;
				CLANG_WARN_COMMA = YES;
				CLANG_WARN_CONSTANT_CONVERSION = YES;
				CLANG_WARN_DEPRECATED_OBJC_IMPLEMENTATIONS = YES;
				CLANG_WARN_DIRECT_OBJC_ISA_USAGE = YES_ERROR;
				CLANG_WARN_DOCUMENTATION_COMMENTS = YES;
				CLANG_WARN_EMPTY_BODY = YES;
				CLANG_WARN_ENUM_CONVERSION = YES;
				CLANG_WARN_INFINITE_RECURSION = YES;
				CLANG_WARN_INT_CONVERSION = YES;
				CLANG_WARN_NON_LITERAL_NULL_CONVERSION = YES;
				CLANG_WARN_OBJC_IMPLICIT_RETAIN_SELF = YES;
				CLANG_WARN_OBJC_LITERAL_CONVERSION = YES;
				CLANG_WARN_OBJC_ROOT_CLASS = YES_ERROR;
				CLANG_WARN_QUOTED_INCLUDE_IN_FRAMEWORK_HEADER = YES;
				CLANG_WARN_RANGE_LOOP_ANALYSIS = YES;
				CLANG_WARN_STRICT_PROTOTYPES = YES;
				CLANG_WARN_SUSPICIOUS_MOVE = YES;
				CLANG_WARN_UNGUARDED_AVAILABILITY = YES_AGGRESSIVE;
				CLANG_WARN_UNREACHABLE_CODE = YES;
				CLANG_WARN__DUPLICATE_METHOD_MATCH = YES;
				COPY_PHASE_STRIP = NO;
				DEBUG_INFORMATION_FORMAT = dwarf;
				ENABLE_STRICT_OBJC_MSGSEND = YES;
				ENABLE_TESTABILITY = YES;
				GCC_C_LANGUAGE_STANDARD = gnu11;
				GCC_DYNAMIC_NO_PIC = NO;
				GCC_NO_COMMON_BLOCKS = YES;
				GCC_OPTIMIZATION_LEVEL = 0;
				GCC_PREPROCESSOR_DEFINITIONS = (
					"DEBUG=1",
					"$(inherited)",
				);
				GCC_WARN_64_TO_32_BIT_CONVERSION = YES;
				GCC_WARN_ABOUT_RETURN_TYPE = YES_ERROR;
				GCC_WARN_UNDECLARED_SELECTOR = YES;
				GCC_WARN_UNINITIALIZED_AUTOS = YES_AGGRESSIVE;
				GCC_WARN_UNUSED_FUNCTION = YES;
				GCC_WARN_UNUSED_VARIABLE = YES;
				IPHONEOS_DEPLOYMENT_TARGET = 15.0;
				MTL_ENABLE_DEBUG_INFO = INCLUDE_SOURCE;
				MTL_FAST_MATH = YES;
				ONLY_ACTIVE_ARCH = YES;
				SDKROOT = iphoneos;
				SWIFT_ACTIVE_COMPILATION_CONDITIONS = DEBUG;
				SWIFT_OPTIMIZATION_LEVEL = "-Onone";
			};
			name = Debug;
		};
		18761213273F474C00DC56D7 /* Release */ = {
			isa = XCBuildConfiguration;
			buildSettings = {
				ALWAYS_SEARCH_USER_PATHS = NO;
				CLANG_ANALYZER_NONNULL = YES;
				CLANG_ANALYZER_NUMBER_OBJECT_CONVERSION = YES_AGGRESSIVE;
				CLANG_CXX_LANGUAGE_STANDARD = "gnu++17";
				CLANG_CXX_LIBRARY = "libc++";
				CLANG_ENABLE_MODULES = YES;
				CLANG_ENABLE_OBJC_ARC = YES;
				CLANG_ENABLE_OBJC_WEAK = YES;
				CLANG_WARN_BLOCK_CAPTURE_AUTORELEASING = YES;
				CLANG_WARN_BOOL_CONVERSION = YES;
				CLANG_WARN_COMMA = YES;
				CLANG_WARN_CONSTANT_CONVERSION = YES;
				CLANG_WARN_DEPRECATED_OBJC_IMPLEMENTATIONS = YES;
				CLANG_WARN_DIRECT_OBJC_ISA_USAGE = YES_ERROR;
				CLANG_WARN_DOCUMENTATION_COMMENTS = YES;
				CLANG_WARN_EMPTY_BODY = YES;
				CLANG_WARN_ENUM_CONVERSION = YES;
				CLANG_WARN_INFINITE_RECURSION = YES;
				CLANG_WARN_INT_CONVERSION = YES;
				CLANG_WARN_NON_LITERAL_NULL_CONVERSION = YES;
				CLANG_WARN_OBJC_IMPLICIT_RETAIN_SELF = YES;
				CLANG_WARN_OBJC_LITERAL_CONVERSION = YES;
				CLANG_WARN_OBJC_ROOT_CLASS = YES_ERROR;
				CLANG_WARN_QUOTED_INCLUDE_IN_FRAMEWORK_HEADER = YES;
				CLANG_WARN_RANGE_LOOP_ANALYSIS = YES;
				CLANG_WARN_STRICT_PROTOTYPES = YES;
				CLANG_WARN_SUSPICIOUS_MOVE = YES;
				CLANG_WARN_UNGUARDED_AVAILABILITY = YES_AGGRESSIVE;
				CLANG_WARN_UNREACHABLE_CODE = YES;
				CLANG_WARN__DUPLICATE_METHOD_MATCH = YES;
				COPY_PHASE_STRIP = NO;
				DEBUG_INFORMATION_FORMAT = "dwarf-with-dsym";
				ENABLE_NS_ASSERTIONS = NO;
				ENABLE_STRICT_OBJC_MSGSEND = YES;
				GCC_C_LANGUAGE_STANDARD = gnu11;
				GCC_NO_COMMON_BLOCKS = YES;
				GCC_WARN_64_TO_32_BIT_CONVERSION = YES;
				GCC_WARN_ABOUT_RETURN_TYPE = YES_ERROR;
				GCC_WARN_UNDECLARED_SELECTOR = YES;
				GCC_WARN_UNINITIALIZED_AUTOS = YES_AGGRESSIVE;
				GCC_WARN_UNUSED_FUNCTION = YES;
				GCC_WARN_UNUSED_VARIABLE = YES;
				IPHONEOS_DEPLOYMENT_TARGET = 15.0;
				MTL_ENABLE_DEBUG_INFO = NO;
				MTL_FAST_MATH = YES;
				SDKROOT = iphoneos;
				SWIFT_COMPILATION_MODE = wholemodule;
				SWIFT_OPTIMIZATION_LEVEL = "-O";
				VALIDATE_PRODUCT = YES;
			};
			name = Release;
		};
		18761215273F474C00DC56D7 /* Debug */ = {
			isa = XCBuildConfiguration;
			buildSettings = {
				ASSETCATALOG_COMPILER_APPICON_NAME = AppIcon;
				ASSETCATALOG_COMPILER_GLOBAL_ACCENT_COLOR_NAME = AccentColor;
				CODE_SIGN_STYLE = Automatic;
				CURRENT_PROJECT_VERSION = 1;
				GENERATE_INFOPLIST_FILE = YES;
				INFOPLIST_FILE = SampleChatKitApp/Info.plist;
				INFOPLIST_KEY_UIApplicationSupportsIndirectInputEvents = YES;
				INFOPLIST_KEY_UILaunchStoryboardName = LaunchScreen;
				INFOPLIST_KEY_UIMainStoryboardFile = Main;
				INFOPLIST_KEY_UISupportedInterfaceOrientations_iPad = "UIInterfaceOrientationPortrait UIInterfaceOrientationPortraitUpsideDown UIInterfaceOrientationLandscapeLeft UIInterfaceOrientationLandscapeRight";
				INFOPLIST_KEY_UISupportedInterfaceOrientations_iPhone = "UIInterfaceOrientationPortrait UIInterfaceOrientationLandscapeLeft UIInterfaceOrientationLandscapeRight";
				LD_RUNPATH_SEARCH_PATHS = (
					"$(inherited)",
					"@executable_path/Frameworks",
				);
				MARKETING_VERSION = 1.0;
				PRODUCT_BUNDLE_IDENTIFIER = com.krishpranav.SampleChatKitApp;
				PRODUCT_NAME = "$(TARGET_NAME)";
				SWIFT_EMIT_LOC_STRINGS = YES;
				SWIFT_VERSION = 5.0;
				TARGETED_DEVICE_FAMILY = "1,2";
			};
			name = Debug;
		};
		18761216273F474C00DC56D7 /* Release */ = {
			isa = XCBuildConfiguration;
			buildSettings = {
				ASSETCATALOG_COMPILER_APPICON_NAME = AppIcon;
				ASSETCATALOG_COMPILER_GLOBAL_ACCENT_COLOR_NAME = AccentColor;
				CODE_SIGN_STYLE = Automatic;
				CURRENT_PROJECT_VERSION = 1;
				GENERATE_INFOPLIST_FILE = YES;
				INFOPLIST_FILE = SampleChatKitApp/Info.plist;
				INFOPLIST_KEY_UIApplicationSupportsIndirectInputEvents = YES;
				INFOPLIST_KEY_UILaunchStoryboardName = LaunchScreen;
				INFOPLIST_KEY_UIMainStoryboardFile = Main;
				INFOPLIST_KEY_UISupportedInterfaceOrientations_iPad = "UIInterfaceOrientationPortrait UIInterfaceOrientationPortraitUpsideDown UIInterfaceOrientationLandscapeLeft UIInterfaceOrientationLandscapeRight";
				INFOPLIST_KEY_UISupportedInterfaceOrientations_iPhone = "UIInterfaceOrientationPortrait UIInterfaceOrientationLandscapeLeft UIInterfaceOrientationLandscapeRight";
				LD_RUNPATH_SEARCH_PATHS = (
					"$(inherited)",
					"@executable_path/Frameworks",
				);
				MARKETING_VERSION = 1.0;
				PRODUCT_BUNDLE_IDENTIFIER = com.krishpranav.SampleChatKitApp;
				PRODUCT_NAME = "$(TARGET_NAME)";
				SWIFT_EMIT_LOC_STRINGS = YES;
				SWIFT_VERSION = 5.0;
				TARGETED_DEVICE_FAMILY = "1,2";
			};
			name = Release;
		};
		18761218273F474C00DC56D7 /* Debug */ = {
			isa = XCBuildConfiguration;
			buildSettings = {
				ALWAYS_EMBED_SWIFT_STANDARD_LIBRARIES = YES;
				BUNDLE_LOADER = "$(TEST_HOST)";
				CODE_SIGN_STYLE = Automatic;
				CURRENT_PROJECT_VERSION = 1;
				GENERATE_INFOPLIST_FILE = YES;
				IPHONEOS_DEPLOYMENT_TARGET = 15.0;
				LD_RUNPATH_SEARCH_PATHS = (
					"$(inherited)",
					"@executable_path/Frameworks",
					"@loader_path/Frameworks",
				);
				MARKETING_VERSION = 1.0;
				PRODUCT_BUNDLE_IDENTIFIER = com.krishpranav.SampleChatKitAppTests;
				PRODUCT_NAME = "$(TARGET_NAME)";
				SWIFT_EMIT_LOC_STRINGS = NO;
				SWIFT_VERSION = 5.0;
				TARGETED_DEVICE_FAMILY = "1,2";
				TEST_HOST = "$(BUILT_PRODUCTS_DIR)/SampleChatKitApp.app/SampleChatKitApp";
			};
			name = Debug;
		};
		18761219273F474C00DC56D7 /* Release */ = {
			isa = XCBuildConfiguration;
			buildSettings = {
				ALWAYS_EMBED_SWIFT_STANDARD_LIBRARIES = YES;
				BUNDLE_LOADER = "$(TEST_HOST)";
				CODE_SIGN_STYLE = Automatic;
				CURRENT_PROJECT_VERSION = 1;
				GENERATE_INFOPLIST_FILE = YES;
				IPHONEOS_DEPLOYMENT_TARGET = 15.0;
				LD_RUNPATH_SEARCH_PATHS = (
					"$(inherited)",
					"@executable_path/Frameworks",
					"@loader_path/Frameworks",
				);
				MARKETING_VERSION = 1.0;
				PRODUCT_BUNDLE_IDENTIFIER = com.krishpranav.SampleChatKitAppTests;
				PRODUCT_NAME = "$(TARGET_NAME)";
				SWIFT_EMIT_LOC_STRINGS = NO;
				SWIFT_VERSION = 5.0;
				TARGETED_DEVICE_FAMILY = "1,2";
				TEST_HOST = "$(BUILT_PRODUCTS_DIR)/SampleChatKitApp.app/SampleChatKitApp";
			};
			name = Release;
		};
		1876121B273F474C00DC56D7 /* Debug */ = {
			isa = XCBuildConfiguration;
			buildSettings = {
				ALWAYS_EMBED_SWIFT_STANDARD_LIBRARIES = YES;
				CODE_SIGN_STYLE = Automatic;
				CURRENT_PROJECT_VERSION = 1;
				GENERATE_INFOPLIST_FILE = YES;
				LD_RUNPATH_SEARCH_PATHS = (
					"$(inherited)",
					"@executable_path/Frameworks",
					"@loader_path/Frameworks",
				);
				MARKETING_VERSION = 1.0;
				PRODUCT_BUNDLE_IDENTIFIER = com.krishpranav.SampleChatKitAppUITests;
				PRODUCT_NAME = "$(TARGET_NAME)";
				SWIFT_EMIT_LOC_STRINGS = NO;
				SWIFT_VERSION = 5.0;
				TARGETED_DEVICE_FAMILY = "1,2";
				TEST_TARGET_NAME = SampleChatKitApp;
			};
			name = Debug;
		};
		1876121C273F474C00DC56D7 /* Release */ = {
			isa = XCBuildConfiguration;
			buildSettings = {
				ALWAYS_EMBED_SWIFT_STANDARD_LIBRARIES = YES;
				CODE_SIGN_STYLE = Automatic;
				CURRENT_PROJECT_VERSION = 1;
				GENERATE_INFOPLIST_FILE = YES;
				LD_RUNPATH_SEARCH_PATHS = (
					"$(inherited)",
					"@executable_path/Frameworks",
					"@loader_path/Frameworks",
				);
				MARKETING_VERSION = 1.0;
				PRODUCT_BUNDLE_IDENTIFIER = com.krishpranav.SampleChatKitAppUITests;
				PRODUCT_NAME = "$(TARGET_NAME)";
				SWIFT_EMIT_LOC_STRINGS = NO;
				SWIFT_VERSION = 5.0;
				TARGETED_DEVICE_FAMILY = "1,2";
				TEST_TARGET_NAME = SampleChatKitApp;
			};
			name = Release;
		};
/* End XCBuildConfiguration section */

/* Begin XCConfigurationList section */
		187611E5273F474800DC56D7 /* Build configuration list for PBXProject "SampleChatKitApp" */ = {
			isa = XCConfigurationList;
			buildConfigurations = (
				18761212273F474C00DC56D7 /* Debug */,
				18761213273F474C00DC56D7 /* Release */,
			);
			defaultConfigurationIsVisible = 0;
			defaultConfigurationName = Release;
		};
		18761214273F474C00DC56D7 /* Build configuration list for PBXNativeTarget "SampleChatKitApp" */ = {
			isa = XCConfigurationList;
			buildConfigurations = (
				18761215273F474C00DC56D7 /* Debug */,
				18761216273F474C00DC56D7 /* Release */,
			);
			defaultConfigurationIsVisible = 0;
			defaultConfigurationName = Release;
		};
		18761217273F474C00DC56D7 /* Build configuration list for PBXNativeTarget "SampleChatKitAppTests" */ = {
			isa = XCConfigurationList;
			buildConfigurations = (
				18761218273F474C00DC56D7 /* Debug */,
				18761219273F474C00DC56D7 /* Release */,
			);
			defaultConfigurationIsVisible = 0;
			defaultConfigurationName = Release;
		};
		1876121A273F474C00DC56D7 /* Build configuration list for PBXNativeTarget "SampleChatKitAppUITests" */ = {
			isa = XCConfigurationList;
			buildConfigurations = (
				1876121B273F474C00DC56D7 /* Debug */,
				1876121C273F474C00DC56D7 /* Release */,
			);
			defaultConfigurationIsVisible = 0;
			defaultConfigurationName = Release;
		};
/* End XCConfigurationList section */
	};
	rootObject = 187611E2273F474800DC56D7 /* Project object */;
}
