{
  "object": {
    "pins": [
      {
        "package": "HPGrowingTextView",
        "repositoryURL": "https://github.com/little2s/GrowingTextView.git",
        "state": {
          "branch": "master",
          "revision": "dabfbae61277ca05542c582b2240a58776726c6e",
          "version": null
        }
      }
    ]
  },
  "version": 1
}
